
Microsoft Visual Studio Solution File, Format Version 12.00
# Visual Studio 15
VisualStudioVersion = 15.0.28010.2019
MinimumVisualStudioVersion = 10.0.40219.1
Project("{FAE04EC0-301F-11D3-BF4B-00C04F79EFBC}") = "BaseStudentApp", "BaseStudentApp\BaseStudentApp.csproj", "{037ACB12-9DDB-4D0D-B366-DA0EF88A8D26}"
EndProject
Project("{FAE04EC0-301F-11D3-BF4B-00C04F79EFBC}") = "StudentApp", "..\StudentApp\StudentApp\StudentApp.csproj", "{3F819572-8854-49FC-B9FB-AA195AEE55D5}"
EndProject
Project("{FAE04EC0-301F-11D3-BF4B-00C04F79EFBC}") = "StudentApp.Tests", "..\StudentApp\StudentApp.Tests\StudentApp.Tests.csproj", "{DC18D012-77DB-4B29-8BD1-9B27850AB5B2}"
EndProject
Global
	GlobalSection(SolutionConfigurationPlatforms) = preSolution
		Debug|Any CPU = Debug|Any CPU
		Release|Any CPU = Release|Any CPU
	EndGlobalSection
	GlobalSection(ProjectConfigurationPlatforms) = postSolution
		{037ACB12-9DDB-4D0D-B366-DA0EF88A8D26}.Debug|Any CPU.ActiveCfg = Debug|Any CPU
		{037ACB12-9DDB-4D0D-B366-DA0EF88A8D26}.Debug|Any CPU.Build.0 = Debug|Any CPU
		{037ACB12-9DDB-4D0D-B366-DA0EF88A8D26}.Release|Any CPU.ActiveCfg = Release|Any CPU
		{037ACB12-9DDB-4D0D-B366-DA0EF88A8D26}.Release|Any CPU.Build.0 = Release|Any CPU
		{3F819572-8854-49FC-B9FB-AA195AEE55D5}.Debug|Any CPU.ActiveCfg = Debug|Any CPU
		{3F819572-8854-49FC-B9FB-AA195AEE55D5}.Debug|Any CPU.Build.0 = Debug|Any CPU
		{3F819572-8854-49FC-B9FB-AA195AEE55D5}.Release|Any CPU.ActiveCfg = Release|Any CPU
		{3F819572-8854-49FC-B9FB-AA195AEE55D5}.Release|Any CPU.Build.0 = Release|Any CPU
		{DC18D012-77DB-4B29-8BD1-9B27850AB5B2}.Debug|Any CPU.ActiveCfg = Debug|Any CPU
		{DC18D012-77DB-4B29-8BD1-9B27850AB5B2}.Debug|Any CPU.Build.0 = Debug|Any CPU
		{DC18D012-77DB-4B29-8BD1-9B27850AB5B2}.Release|Any CPU.ActiveCfg = Release|Any CPU
		{DC18D012-77DB-4B29-8BD1-9B27850AB5B2}.Release|Any CPU.Build.0 = Release|Any CPU
	EndGlobalSection
	GlobalSection(SolutionProperties) = preSolution
		HideSolutionNode = FALSE
	EndGlobalSection
	GlobalSection(ExtensibilityGlobals) = postSolution
		SolutionGuid = {4598A467-54A7-4137-83A9-ED7B6C04FB3D}
	EndGlobalSection
EndGlobal
